// !$*UTF8*$!
{
	archiveVersion = 1;
	classes = {
	};
	objectVersion = 56;
	objects = {

/* Begin PBXBuildFile section */
		516ADF192C59988A008EA24F /* BeFit_V2App.swift in Sources */ = {isa = PBXBuildFile; fileRef = 516ADF182C59988A008EA24F /* BeFit_V2App.swift */; };
		516ADF1B2C59988A008EA24F /* ContentView.swift in Sources */ = {isa = PBXBuildFile; fileRef = 516ADF1A2C59988A008EA24F /* ContentView.swift */; };
		516ADF1D2C59988B008EA24F /* Assets.xcassets in Resources */ = {isa = PBXBuildFile; fileRef = 516ADF1C2C59988B008EA24F /* Assets.xcassets */; };
		516ADF212C59988B008EA24F /* Preview Assets.xcassets in Resources */ = {isa = PBXBuildFile; fileRef = 516ADF202C59988B008EA24F /* Preview Assets.xcassets */; };
		516ADF2B2C59988B008EA24F /* BeFit_V2Tests.swift in Sources */ = {isa = PBXBuildFile; fileRef = 516ADF2A2C59988B008EA24F /* BeFit_V2Tests.swift */; };
		516ADF352C59988B008EA24F /* BeFit_V2UITests.swift in Sources */ = {isa = PBXBuildFile; fileRef = 516ADF342C59988B008EA24F /* BeFit_V2UITests.swift */; };
		516ADF372C59988B008EA24F /* BeFit_V2UITestsLaunchTests.swift in Sources */ = {isa = PBXBuildFile; fileRef = 516ADF362C59988B008EA24F /* BeFit_V2UITestsLaunchTests.swift */; };
		517C86A22C5ACC7E00D7E71A /* WorkoutSummaryView.swift in Sources */ = {isa = PBXBuildFile; fileRef = 517C86A12C5ACC7E00D7E71A /* WorkoutSummaryView.swift */; };
		517C86A42C5ACC9900D7E71A /* FoodTrackerView.swift in Sources */ = {isa = PBXBuildFile; fileRef = 517C86A32C5ACC9900D7E71A /* FoodTrackerView.swift */; };
		517C86A62C5ACCCB00D7E71A /* ProfileView.swift in Sources */ = {isa = PBXBuildFile; fileRef = 517C86A52C5ACCCB00D7E71A /* ProfileView.swift */; };
		51863BC42C5C1F4B003A8BCE /* WeightView.swift in Sources */ = {isa = PBXBuildFile; fileRef = 51863BC32C5C1F4B003A8BCE /* WeightView.swift */; };
		51863BCA2C5C227B003A8BCE /* WorkoutView.swift in Sources */ = {isa = PBXBuildFile; fileRef = 51863BC92C5C227B003A8BCE /* WorkoutView.swift */; };
		51863BCC2C5C5BEC003A8BCE /* PushWorkoutView.swift in Sources */ = {isa = PBXBuildFile; fileRef = 51863BCB2C5C5BEC003A8BCE /* PushWorkoutView.swift */; };
/* End PBXBuildFile section */

/* Begin PBXContainerItemProxy section */
		516ADF272C59988B008EA24F /* PBXContainerItemProxy */ = {
			isa = PBXContainerItemProxy;
			containerPortal = 516ADF0D2C59988A008EA24F /* Project object */;
			proxyType = 1;
			remoteGlobalIDString = 516ADF142C59988A008EA24F;
			remoteInfo = "BeFit V2";
		};
		516ADF312C59988B008EA24F /* PBXContainerItemProxy */ = {
			isa = PBXContainerItemProxy;
			containerPortal = 516ADF0D2C59988A008EA24F /* Project object */;
			proxyType = 1;
			remoteGlobalIDString = 516ADF142C59988A008EA24F;
			remoteInfo = "BeFit V2";
		};
/* End PBXContainerItemProxy section */

/* Begin PBXFileReference section */
		516ADF152C59988A008EA24F /* BeFit V2.app */ = {isa = PBXFileReference; explicitFileType = wrapper.application; includeInIndex = 0; path = "BeFit V2.app"; sourceTree = BUILT_PRODUCTS_DIR; };
		516ADF182C59988A008EA24F /* BeFit_V2App.swift */ = {isa = PBXFileReference; lastKnownFileType = sourcecode.swift; path = BeFit_V2App.swift; sourceTree = "<group>"; };
		516ADF1A2C59988A008EA24F /* ContentView.swift */ = {isa = PBXFileReference; lastKnownFileType = sourcecode.swift; path = ContentView.swift; sourceTree = "<group>"; };
		516ADF1C2C59988B008EA24F /* Assets.xcassets */ = {isa = PBXFileReference; lastKnownFileType = folder.assetcatalog; path = Assets.xcassets; sourceTree = "<group>"; };
		516ADF1E2C59988B008EA24F /* BeFit_V2.entitlements */ = {isa = PBXFileReference; lastKnownFileType = text.plist.entitlements; path = BeFit_V2.entitlements; sourceTree = "<group>"; };
		516ADF202C59988B008EA24F /* Preview Assets.xcassets */ = {isa = PBXFileReference; lastKnownFileType = folder.assetcatalog; path = "Preview Assets.xcassets"; sourceTree = "<group>"; };
		516ADF262C59988B008EA24F /* BeFit V2Tests.xctest */ = {isa = PBXFileReference; explicitFileType = wrapper.cfbundle; includeInIndex = 0; path = "BeFit V2Tests.xctest"; sourceTree = BUILT_PRODUCTS_DIR; };
		516ADF2A2C59988B008EA24F /* BeFit_V2Tests.swift */ = {isa = PBXFileReference; lastKnownFileType = sourcecode.swift; path = BeFit_V2Tests.swift; sourceTree = "<group>"; };
		516ADF302C59988B008EA24F /* BeFit V2UITests.xctest */ = {isa = PBXFileReference; explicitFileType = wrapper.cfbundle; includeInIndex = 0; path = "BeFit V2UITests.xctest"; sourceTree = BUILT_PRODUCTS_DIR; };
		516ADF342C59988B008EA24F /* BeFit_V2UITests.swift */ = {isa = PBXFileReference; lastKnownFileType = sourcecode.swift; path = BeFit_V2UITests.swift; sourceTree = "<group>"; };
		516ADF362C59988B008EA24F /* BeFit_V2UITestsLaunchTests.swift */ = {isa = PBXFileReference; lastKnownFileType = sourcecode.swift; path = BeFit_V2UITestsLaunchTests.swift; sourceTree = "<group>"; };
		517C86A12C5ACC7E00D7E71A /* WorkoutSummaryView.swift */ = {isa = PBXFileReference; lastKnownFileType = sourcecode.swift; path = WorkoutSummaryView.swift; sourceTree = "<group>"; };
		517C86A32C5ACC9900D7E71A /* FoodTrackerView.swift */ = {isa = PBXFileReference; lastKnownFileType = sourcecode.swift; path = FoodTrackerView.swift; sourceTree = "<group>"; };
		517C86A52C5ACCCB00D7E71A /* ProfileView.swift */ = {isa = PBXFileReference; lastKnownFileType = sourcecode.swift; path = ProfileView.swift; sourceTree = "<group>"; };
		51863BC32C5C1F4B003A8BCE /* WeightView.swift */ = {isa = PBXFileReference; lastKnownFileType = sourcecode.swift; path = WeightView.swift; sourceTree = "<group>"; };
		51863BC92C5C227B003A8BCE /* WorkoutView.swift */ = {isa = PBXFileReference; lastKnownFileType = sourcecode.swift; path = WorkoutView.swift; sourceTree = "<group>"; };
		51863BCB2C5C5BEC003A8BCE /* PushWorkoutView.swift */ = {isa = PBXFileReference; lastKnownFileType = sourcecode.swift; path = PushWorkoutView.swift; sourceTree = "<group>"; };
/* End PBXFileReference section */

/* Begin PBXFrameworksBuildPhase section */
		516ADF122C59988A008EA24F /* Frameworks */ = {
			isa = PBXFrameworksBuildPhase;
			buildActionMask = 2147483647;
			files = (
			);
			runOnlyForDeploymentPostprocessing = 0;
		};
		516ADF232C59988B008EA24F /* Frameworks */ = {
			isa = PBXFrameworksBuildPhase;
			buildActionMask = 2147483647;
			files = (
			);
			runOnlyForDeploymentPostprocessing = 0;
		};
		516ADF2D2C59988B008EA24F /* Frameworks */ = {
			isa = PBXFrameworksBuildPhase;
			buildActionMask = 2147483647;
			files = (
			);
			runOnlyForDeploymentPostprocessing = 0;
		};
/* End PBXFrameworksBuildPhase section */

/* Begin PBXGroup section */
		516ADF0C2C59988A008EA24F = {
			isa = PBXGroup;
			children = (
				516ADF172C59988A008EA24F /* BeFit V2 */,
				516ADF292C59988B008EA24F /* BeFit V2Tests */,
				516ADF332C59988B008EA24F /* BeFit V2UITests */,
				516ADF162C59988A008EA24F /* Products */,
			);
			sourceTree = "<group>";
		};
		516ADF162C59988A008EA24F /* Products */ = {
			isa = PBXGroup;
			children = (
				516ADF152C59988A008EA24F /* BeFit V2.app */,
				516ADF262C59988B008EA24F /* BeFit V2Tests.xctest */,
				516ADF302C59988B008EA24F /* BeFit V2UITests.xctest */,
			);
			name = Products;
			sourceTree = "<group>";
		};
		516ADF172C59988A008EA24F /* BeFit V2 */ = {
			isa = PBXGroup;
			children = (
				516ADF182C59988A008EA24F /* BeFit_V2App.swift */,
				516ADF1A2C59988A008EA24F /* ContentView.swift */,
				517C86A12C5ACC7E00D7E71A /* WorkoutSummaryView.swift */,
				51863BC32C5C1F4B003A8BCE /* WeightView.swift */,
				51863BC92C5C227B003A8BCE /* WorkoutView.swift */,
				51863BCB2C5C5BEC003A8BCE /* PushWorkoutView.swift */,
				517C86A32C5ACC9900D7E71A /* FoodTrackerView.swift */,
				517C86A52C5ACCCB00D7E71A /* ProfileView.swift */,
				516ADF1C2C59988B008EA24F /* Assets.xcassets */,
				516ADF1E2C59988B008EA24F /* BeFit_V2.entitlements */,
				516ADF1F2C59988B008EA24F /* Preview Content */,
			);
			path = "BeFit V2";
			sourceTree = "<group>";
		};
		516ADF1F2C59988B008EA24F /* Preview Content */ = {
			isa = PBXGroup;
			children = (
				516ADF202C59988B008EA24F /* Preview Assets.xcassets */,
			);
			path = "Preview Content";
			sourceTree = "<group>";
		};
		516ADF292C59988B008EA24F /* BeFit V2Tests */ = {
			isa = PBXGroup;
			children = (
				516ADF2A2C59988B008EA24F /* BeFit_V2Tests.swift */,
			);
			path = "BeFit V2Tests";
			sourceTree = "<group>";
		};
		516ADF332C59988B008EA24F /* BeFit V2UITests */ = {
			isa = PBXGroup;
			children = (
				516ADF342C59988B008EA24F /* BeFit_V2UITests.swift */,
				516ADF362C59988B008EA24F /* BeFit_V2UITestsLaunchTests.swift */,
			);
			path = "BeFit V2UITests";
			sourceTree = "<group>";
		};
/* End PBXGroup section */

/* Begin PBXNativeTarget section */
		516ADF142C59988A008EA24F /* BeFit V2 */ = {
			isa = PBXNativeTarget;
			buildConfigurationList = 516ADF3A2C59988B008EA24F /* Build configuration list for PBXNativeTarget "BeFit V2" */;
			buildPhases = (
				516ADF112C59988A008EA24F /* Sources */,
				516ADF122C59988A008EA24F /* Frameworks */,
				516ADF132C59988A008EA24F /* Resources */,
			);
			buildRules = (
			);
			dependencies = (
			);
			name = "BeFit V2";
			productName = "BeFit V2";
			productReference = 516ADF152C59988A008EA24F /* BeFit V2.app */;
			productType = "com.apple.product-type.application";
		};
		516ADF252C59988B008EA24F /* BeFit V2Tests */ = {
			isa = PBXNativeTarget;
			buildConfigurationList = 516ADF3D2C59988B008EA24F /* Build configuration list for PBXNativeTarget "BeFit V2Tests" */;
			buildPhases = (
				516ADF222C59988B008EA24F /* Sources */,
				516ADF232C59988B008EA24F /* Frameworks */,
				516ADF242C59988B008EA24F /* Resources */,
			);
			buildRules = (
			);
			dependencies = (
				516ADF282C59988B008EA24F /* PBXTargetDependency */,
			);
			name = "BeFit V2Tests";
			productName = "BeFit V2Tests";
			productReference = 516ADF262C59988B008EA24F /* BeFit V2Tests.xctest */;
			productType = "com.apple.product-type.bundle.unit-test";
		};
		516ADF2F2C59988B008EA24F /* BeFit V2UITests */ = {
			isa = PBXNativeTarget;
			buildConfigurationList = 516ADF402C59988B008EA24F /* Build configuration list for PBXNativeTarget "BeFit V2UITests" */;
			buildPhases = (
				516ADF2C2C59988B008EA24F /* Sources */,
				516ADF2D2C59988B008EA24F /* Frameworks */,
				516ADF2E2C59988B008EA24F /* Resources */,
			);
			buildRules = (
			);
			dependencies = (
				516ADF322C59988B008EA24F /* PBXTargetDependency */,
			);
			name = "BeFit V2UITests";
			productName = "BeFit V2UITests";
			productReference = 516ADF302C59988B008EA24F /* BeFit V2UITests.xctest */;
			productType = "com.apple.product-type.bundle.ui-testing";
		};
/* End PBXNativeTarget section */

/* Begin PBXProject section */
		516ADF0D2C59988A008EA24F /* Project object */ = {
			isa = PBXProject;
			attributes = {
				BuildIndependentTargetsInParallel = 1;
				LastSwiftUpdateCheck = 1540;
				LastUpgradeCheck = 1540;
				TargetAttributes = {
					516ADF142C59988A008EA24F = {
						CreatedOnToolsVersion = 15.4;
					};
					516ADF252C59988B008EA24F = {
						CreatedOnToolsVersion = 15.4;
						TestTargetID = 516ADF142C59988A008EA24F;
					};
					516ADF2F2C59988B008EA24F = {
						CreatedOnToolsVersion = 15.4;
						TestTargetID = 516ADF142C59988A008EA24F;
					};
				};
			};
			buildConfigurationList = 516ADF102C59988A008EA24F /* Build configuration list for PBXProject "BeFit V2" */;
			compatibilityVersion = "Xcode 14.0";
			developmentRegion = en;
			hasScannedForEncodings = 0;
			knownRegions = (
				en,
				Base,
			);
			mainGroup = 516ADF0C2C59988A008EA24F;
			productRefGroup = 516ADF162C59988A008EA24F /* Products */;
			projectDirPath = "";
			projectRoot = "";
			targets = (
				516ADF142C59988A008EA24F /* BeFit V2 */,
				516ADF252C59988B008EA24F /* BeFit V2Tests */,
				516ADF2F2C59988B008EA24F /* BeFit V2UITests */,
			);
		};
/* End PBXProject section */

/* Begin PBXResourcesBuildPhase section */
		516ADF132C59988A008EA24F /* Resources */ = {
			isa = PBXResourcesBuildPhase;
			buildActionMask = 2147483647;
			files = (
				516ADF212C59988B008EA24F /* Preview Assets.xcassets in Resources */,
				516ADF1D2C59988B008EA24F /* Assets.xcassets in Resources */,
			);
			runOnlyForDeploymentPostprocessing = 0;
		};
		516ADF242C59988B008EA24F /* Resources */ = {
			isa = PBXResourcesBuildPhase;
			buildActionMask = 2147483647;
			files = (
			);
			runOnlyForDeploymentPostprocessing = 0;
		};
		516ADF2E2C59988B008EA24F /* Resources */ = {
			isa = PBXResourcesBuildPhase;
			buildActionMask = 2147483647;
			files = (
			);
			runOnlyForDeploymentPostprocessing = 0;
		};
/* End PBXResourcesBuildPhase section */

/* Begin PBXSourcesBuildPhase section */
		516ADF112C59988A008EA24F /* Sources */ = {
			isa = PBXSourcesBuildPhase;
			buildActionMask = 2147483647;
			files = (
				51863BCA2C5C227B003A8BCE /* WorkoutView.swift in Sources */,
				51863BC42C5C1F4B003A8BCE /* WeightView.swift in Sources */,
				516ADF1B2C59988A008EA24F /* ContentView.swift in Sources */,
				516ADF192C59988A008EA24F /* BeFit_V2App.swift in Sources */,
				517C86A62C5ACCCB00D7E71A /* ProfileView.swift in Sources */,
				517C86A22C5ACC7E00D7E71A /* WorkoutSummaryView.swift in Sources */,
				51863BCC2C5C5BEC003A8BCE /* PushWorkoutView.swift in Sources */,
				517C86A42C5ACC9900D7E71A /* FoodTrackerView.swift in Sources */,
			);
			runOnlyForDeploymentPostprocessing = 0;
		};
		516ADF222C59988B008EA24F /* Sources */ = {
			isa = PBXSourcesBuildPhase;
			buildActionMask = 2147483647;
			files = (
				516ADF2B2C59988B008EA24F /* BeFit_V2Tests.swift in Sources */,
			);
			runOnlyForDeploymentPostprocessing = 0;
		};
		516ADF2C2C59988B008EA24F /* Sources */ = {
			isa = PBXSourcesBuildPhase;
			buildActionMask = 2147483647;
			files = (
				516ADF372C59988B008EA24F /* BeFit_V2UITestsLaunchTests.swift in Sources */,
				516ADF352C59988B008EA24F /* BeFit_V2UITests.swift in Sources */,
			);
			runOnlyForDeploymentPostprocessing = 0;
		};
/* End PBXSourcesBuildPhase section */

/* Begin PBXTargetDependency section */
		516ADF282C59988B008EA24F /* PBXTargetDependency */ = {
			isa = PBXTargetDependency;
			target = 516ADF142C59988A008EA24F /* BeFit V2 */;
			targetProxy = 516ADF272C59988B008EA24F /* PBXContainerItemProxy */;
		};
		516ADF322C59988B008EA24F /* PBXTargetDependency */ = {
			isa = PBXTargetDependency;
			target = 516ADF142C59988A008EA24F /* BeFit V2 */;
			targetProxy = 516ADF312C59988B008EA24F /* PBXContainerItemProxy */;
		};
/* End PBXTargetDependency section */

/* Begin XCBuildConfiguration section */
		516ADF382C59988B008EA24F /* Debug */ = {
			isa = XCBuildConfiguration;
			buildSettings = {
				ALWAYS_SEARCH_USER_PATHS = NO;
				ASSETCATALOG_COMPILER_GENERATE_SWIFT_ASSET_SYMBOL_EXTENSIONS = YES;
				CLANG_ANALYZER_NONNULL = YES;
				CLANG_ANALYZER_NUMBER_OBJECT_CONVERSION = YES_AGGRESSIVE;
				CLANG_CXX_LANGUAGE_STANDARD = "gnu++20";
				CLANG_ENABLE_MODULES = YES;
				CLANG_ENABLE_OBJC_ARC = YES;
				CLANG_ENABLE_OBJC_WEAK = YES;
				CLANG_WARN_BLOCK_CAPTURE_AUTORELEASING = YES;
				CLANG_WARN_BOOL_CONVERSION = YES;
				CLANG_WARN_COMMA = YES;
				CLANG_WARN_CONSTANT_CONVERSION = YES;
				CLANG_WARN_DEPRECATED_OBJC_IMPLEMENTATIONS = YES;
				CLANG_WARN_DIRECT_OBJC_ISA_USAGE = YES_ERROR;
				CLANG_WARN_DOCUMENTATION_COMMENTS = YES;
				CLANG_WARN_EMPTY_BODY = YES;
				CLANG_WARN_ENUM_CONVERSION = YES;
				CLANG_WARN_INFINITE_RECURSION = YES;
				CLANG_WARN_INT_CONVERSION = YES;
				CLANG_WARN_NON_LITERAL_NULL_CONVERSION = YES;
				CLANG_WARN_OBJC_IMPLICIT_RETAIN_SELF = YES;
				CLANG_WARN_OBJC_LITERAL_CONVERSION = YES;
				CLANG_WARN_OBJC_ROOT_CLASS = YES_ERROR;
				CLANG_WARN_QUOTED_INCLUDE_IN_FRAMEWORK_HEADER = YES;
				CLANG_WARN_RANGE_LOOP_ANALYSIS = YES;
				CLANG_WARN_STRICT_PROTOTYPES = YES;
				CLANG_WARN_SUSPICIOUS_MOVE = YES;
				CLANG_WARN_UNGUARDED_AVAILABILITY = YES_AGGRESSIVE;
				CLANG_WARN_UNREACHABLE_CODE = YES;
				CLANG_WARN__DUPLICATE_METHOD_MATCH = YES;
				COPY_PHASE_STRIP = NO;
				DEBUG_INFORMATION_FORMAT = dwarf;
				ENABLE_STRICT_OBJC_MSGSEND = YES;
				ENABLE_TESTABILITY = YES;
				ENABLE_USER_SCRIPT_SANDBOXING = YES;
				GCC_C_LANGUAGE_STANDARD = gnu17;
				GCC_DYNAMIC_NO_PIC = NO;
				GCC_NO_COMMON_BLOCKS = YES;
				GCC_OPTIMIZATION_LEVEL = 0;
				GCC_PREPROCESSOR_DEFINITIONS = (
					"DEBUG=1",
					"$(inherited)",
				);
				GCC_WARN_64_TO_32_BIT_CONVERSION = YES;
				GCC_WARN_ABOUT_RETURN_TYPE = YES_ERROR;
				GCC_WARN_UNDECLARED_SELECTOR = YES;
				GCC_WARN_UNINITIALIZED_AUTOS = YES_AGGRESSIVE;
				GCC_WARN_UNUSED_FUNCTION = YES;
				GCC_WARN_UNUSED_VARIABLE = YES;
				LOCALIZATION_PREFERS_STRING_CATALOGS = YES;
				MTL_ENABLE_DEBUG_INFO = INCLUDE_SOURCE;
				MTL_FAST_MATH = YES;
				ONLY_ACTIVE_ARCH = YES;
				SWIFT_ACTIVE_COMPILATION_CONDITIONS = "DEBUG $(inherited)";
				SWIFT_OPTIMIZATION_LEVEL = "-Onone";
			};
			name = Debug;
		};
		516ADF392C59988B008EA24F /* Release */ = {
			isa = XCBuildConfiguration;
			buildSettings = {
				ALWAYS_SEARCH_USER_PATHS = NO;
				ASSETCATALOG_COMPILER_GENERATE_SWIFT_ASSET_SYMBOL_EXTENSIONS = YES;
				CLANG_ANALYZER_NONNULL = YES;
				CLANG_ANALYZER_NUMBER_OBJECT_CONVERSION = YES_AGGRESSIVE;
				CLANG_CXX_LANGUAGE_STANDARD = "gnu++20";
				CLANG_ENABLE_MODULES = YES;
				CLANG_ENABLE_OBJC_ARC = YES;
				CLANG_ENABLE_OBJC_WEAK = YES;
				CLANG_WARN_BLOCK_CAPTURE_AUTORELEASING = YES;
				CLANG_WARN_BOOL_CONVERSION = YES;
				CLANG_WARN_COMMA = YES;
				CLANG_WARN_CONSTANT_CONVERSION = YES;
				CLANG_WARN_DEPRECATED_OBJC_IMPLEMENTATIONS = YES;
				CLANG_WARN_DIRECT_OBJC_ISA_USAGE = YES_ERROR;
				CLANG_WARN_DOCUMENTATION_COMMENTS = YES;
				CLANG_WARN_EMPTY_BODY = YES;
				CLANG_WARN_ENUM_CONVERSION = YES;
				CLANG_WARN_INFINITE_RECURSION = YES;
				CLANG_WARN_INT_CONVERSION = YES;
				CLANG_WARN_NON_LITERAL_NULL_CONVERSION = YES;
				CLANG_WARN_OBJC_IMPLICIT_RETAIN_SELF = YES;
				CLANG_WARN_OBJC_LITERAL_CONVERSION = YES;
				CLANG_WARN_OBJC_ROOT_CLASS = YES_ERROR;
				CLANG_WARN_QUOTED_INCLUDE_IN_FRAMEWORK_HEADER = YES;
				CLANG_WARN_RANGE_LOOP_ANALYSIS = YES;
				CLANG_WARN_STRICT_PROTOTYPES = YES;
				CLANG_WARN_SUSPICIOUS_MOVE = YES;
				CLANG_WARN_UNGUARDED_AVAILABILITY = YES_AGGRESSIVE;
				CLANG_WARN_UNREACHABLE_CODE = YES;
				CLANG_WARN__DUPLICATE_METHOD_MATCH = YES;
				COPY_PHASE_STRIP = NO;
				DEBUG_INFORMATION_FORMAT = "dwarf-with-dsym";
				ENABLE_NS_ASSERTIONS = NO;
				ENABLE_STRICT_OBJC_MSGSEND = YES;
				ENABLE_USER_SCRIPT_SANDBOXING = YES;
				GCC_C_LANGUAGE_STANDARD = gnu17;
				GCC_NO_COMMON_BLOCKS = YES;
				GCC_WARN_64_TO_32_BIT_CONVERSION = YES;
				GCC_WARN_ABOUT_RETURN_TYPE = YES_ERROR;
				GCC_WARN_UNDECLARED_SELECTOR = YES;
				GCC_WARN_UNINITIALIZED_AUTOS = YES_AGGRESSIVE;
				GCC_WARN_UNUSED_FUNCTION = YES;
				GCC_WARN_UNUSED_VARIABLE = YES;
				LOCALIZATION_PREFERS_STRING_CATALOGS = YES;
				MTL_ENABLE_DEBUG_INFO = NO;
				MTL_FAST_MATH = YES;
				SWIFT_COMPILATION_MODE = wholemodule;
			};
			name = Release;
		};
		516ADF3B2C59988B008EA24F /* Debug */ = {
			isa = XCBuildConfiguration;
			buildSettings = {
				ASSETCATALOG_COMPILER_APPICON_NAME = AppIcon;
				ASSETCATALOG_COMPILER_GLOBAL_ACCENT_COLOR_NAME = AccentColor;
				CODE_SIGN_ENTITLEMENTS = "BeFit V2/BeFit_V2.entitlements";
				CODE_SIGN_STYLE = Automatic;
				CURRENT_PROJECT_VERSION = 1;
				DEVELOPMENT_ASSET_PATHS = "\"BeFit V2/Preview Content\"";
				ENABLE_PREVIEWS = YES;
				GENERATE_INFOPLIST_FILE = YES;
				"INFOPLIST_KEY_UIApplicationSceneManifest_Generation[sdk=iphoneos*]" = YES;
				"INFOPLIST_KEY_UIApplicationSceneManifest_Generation[sdk=iphonesimulator*]" = YES;
				"INFOPLIST_KEY_UIApplicationSupportsIndirectInputEvents[sdk=iphoneos*]" = YES;
				"INFOPLIST_KEY_UIApplicationSupportsIndirectInputEvents[sdk=iphonesimulator*]" = YES;
				"INFOPLIST_KEY_UILaunchScreen_Generation[sdk=iphoneos*]" = YES;
				"INFOPLIST_KEY_UILaunchScreen_Generation[sdk=iphonesimulator*]" = YES;
				"INFOPLIST_KEY_UIStatusBarStyle[sdk=iphoneos*]" = UIStatusBarStyleDefault;
				"INFOPLIST_KEY_UIStatusBarStyle[sdk=iphonesimulator*]" = UIStatusBarStyleDefault;
				INFOPLIST_KEY_UISupportedInterfaceOrientations_iPad = "UIInterfaceOrientationPortrait UIInterfaceOrientationPortraitUpsideDown UIInterfaceOrientationLandscapeLeft UIInterfaceOrientationLandscapeRight";
				INFOPLIST_KEY_UISupportedInterfaceOrientations_iPhone = "UIInterfaceOrientationPortrait UIInterfaceOrientationLandscapeLeft UIInterfaceOrientationLandscapeRight";
				IPHONEOS_DEPLOYMENT_TARGET = 17.5;
				LD_RUNPATH_SEARCH_PATHS = "@executable_path/Frameworks";
				"LD_RUNPATH_SEARCH_PATHS[sdk=macosx*]" = "@executable_path/../Frameworks";
				MACOSX_DEPLOYMENT_TARGET = 14.5;
				MARKETING_VERSION = 1.0;
				PRODUCT_BUNDLE_IDENTIFIER = "alannhan.BeFit-V2";
				PRODUCT_NAME = "$(TARGET_NAME)";
				SDKROOT = auto;
				SUPPORTED_PLATFORMS = "iphoneos iphonesimulator macosx";
				SWIFT_EMIT_LOC_STRINGS = YES;
				SWIFT_VERSION = 5.0;
				TARGETED_DEVICE_FAMILY = "1,2";
			};
			name = Debug;
		};
		516ADF3C2C59988B008EA24F /* Release */ = {
			isa = XCBuildConfiguration;
			buildSettings = {
				ASSETCATALOG_COMPILER_APPICON_NAME = AppIcon;
				ASSETCATALOG_COMPILER_GLOBAL_ACCENT_COLOR_NAME = AccentColor;
				CODE_SIGN_ENTITLEMENTS = "BeFit V2/BeFit_V2.entitlements";
				CODE_SIGN_STYLE = Automatic;
				CURRENT_PROJECT_VERSION = 1;
				DEVELOPMENT_ASSET_PATHS = "\"BeFit V2/Preview Content\"";
				ENABLE_PREVIEWS = YES;
				GENERATE_INFOPLIST_FILE = YES;
				"INFOPLIST_KEY_UIApplicationSceneManifest_Generation[sdk=iphoneos*]" = YES;
				"INFOPLIST_KEY_UIApplicationSceneManifest_Generation[sdk=iphonesimulator*]" = YES;
				"INFOPLIST_KEY_UIApplicationSupportsIndirectInputEvents[sdk=iphoneos*]" = YES;
				"INFOPLIST_KEY_UIApplicationSupportsIndirectInputEvents[sdk=iphonesimulator*]" = YES;
				"INFOPLIST_KEY_UILaunchScreen_Generation[sdk=iphoneos*]" = YES;
				"INFOPLIST_KEY_UILaunchScreen_Generation[sdk=iphonesimulator*]" = YES;
				"INFOPLIST_KEY_UIStatusBarStyle[sdk=iphoneos*]" = UIStatusBarStyleDefault;
				"INFOPLIST_KEY_UIStatusBarStyle[sdk=iphonesimulator*]" = UIStatusBarStyleDefault;
				INFOPLIST_KEY_UISupportedInterfaceOrientations_iPad = "UIInterfaceOrientationPortrait UIInterfaceOrientationPortraitUpsideDown UIInterfaceOrientationLandscapeLeft UIInterfaceOrientationLandscapeRight";
				INFOPLIST_KEY_UISupportedInterfaceOrientations_iPhone = "UIInterfaceOrientationPortrait UIInterfaceOrientationLandscapeLeft UIInterfaceOrientationLandscapeRight";
				IPHONEOS_DEPLOYMENT_TARGET = 17.5;
				LD_RUNPATH_SEARCH_PATHS = "@executable_path/Frameworks";
				"LD_RUNPATH_SEARCH_PATHS[sdk=macosx*]" = "@executable_path/../Frameworks";
				MACOSX_DEPLOYMENT_TARGET = 14.5;
				MARKETING_VERSION = 1.0;
				PRODUCT_BUNDLE_IDENTIFIER = "alannhan.BeFit-V2";
				PRODUCT_NAME = "$(TARGET_NAME)";
				SDKROOT = auto;
				SUPPORTED_PLATFORMS = "iphoneos iphonesimulator macosx";
				SWIFT_EMIT_LOC_STRINGS = YES;
				SWIFT_VERSION = 5.0;
				TARGETED_DEVICE_FAMILY = "1,2";
			};
			name = Release;
		};
		516ADF3E2C59988B008EA24F /* Debug */ = {
			isa = XCBuildConfiguration;
			buildSettings = {
				ALWAYS_EMBED_SWIFT_STANDARD_LIBRARIES = YES;
				BUNDLE_LOADER = "$(TEST_HOST)";
				CODE_SIGN_STYLE = Automatic;
				CURRENT_PROJECT_VERSION = 1;
				GENERATE_INFOPLIST_FILE = YES;
				IPHONEOS_DEPLOYMENT_TARGET = 17.5;
				MACOSX_DEPLOYMENT_TARGET = 14.5;
				MARKETING_VERSION = 1.0;
				PRODUCT_BUNDLE_IDENTIFIER = "alannhan.BeFit-V2Tests";
				PRODUCT_NAME = "$(TARGET_NAME)";
				SDKROOT = auto;
				SUPPORTED_PLATFORMS = "iphoneos iphonesimulator macosx";
				SWIFT_EMIT_LOC_STRINGS = NO;
				SWIFT_VERSION = 5.0;
				TARGETED_DEVICE_FAMILY = "1,2";
				TEST_HOST = "$(BUILT_PRODUCTS_DIR)/BeFit V2.app/$(BUNDLE_EXECUTABLE_FOLDER_PATH)/BeFit V2";
			};
			name = Debug;
		};
		516ADF3F2C59988B008EA24F /* Release */ = {
			isa = XCBuildConfiguration;
			buildSettings = {
				ALWAYS_EMBED_SWIFT_STANDARD_LIBRARIES = YES;
				BUNDLE_LOADER = "$(TEST_HOST)";
				CODE_SIGN_STYLE = Automatic;
				CURRENT_PROJECT_VERSION = 1;
				GENERATE_INFOPLIST_FILE = YES;
				IPHONEOS_DEPLOYMENT_TARGET = 17.5;
				MACOSX_DEPLOYMENT_TARGET = 14.5;
				MARKETING_VERSION = 1.0;
				PRODUCT_BUNDLE_IDENTIFIER = "alannhan.BeFit-V2Tests";
				PRODUCT_NAME = "$(TARGET_NAME)";
				SDKROOT = auto;
				SUPPORTED_PLATFORMS = "iphoneos iphonesimulator macosx";
				SWIFT_EMIT_LOC_STRINGS = NO;
				SWIFT_VERSION = 5.0;
				TARGETED_DEVICE_FAMILY = "1,2";
				TEST_HOST = "$(BUILT_PRODUCTS_DIR)/BeFit V2.app/$(BUNDLE_EXECUTABLE_FOLDER_PATH)/BeFit V2";
			};
			name = Release;
		};
		516ADF412C59988B008EA24F /* Debug */ = {
			isa = XCBuildConfiguration;
			buildSettings = {
				ALWAYS_EMBED_SWIFT_STANDARD_LIBRARIES = YES;
				CODE_SIGN_STYLE = Automatic;
				CURRENT_PROJECT_VERSION = 1;
				GENERATE_INFOPLIST_FILE = YES;
				IPHONEOS_DEPLOYMENT_TARGET = 17.5;
				MACOSX_DEPLOYMENT_TARGET = 14.5;
				MARKETING_VERSION = 1.0;
				PRODUCT_BUNDLE_IDENTIFIER = "alannhan.BeFit-V2UITests";
				PRODUCT_NAME = "$(TARGET_NAME)";
				SDKROOT = auto;
				SUPPORTED_PLATFORMS = "iphoneos iphonesimulator macosx";
				SWIFT_EMIT_LOC_STRINGS = NO;
				SWIFT_VERSION = 5.0;
				TARGETED_DEVICE_FAMILY = "1,2";
				TEST_TARGET_NAME = "BeFit V2";
			};
			name = Debug;
		};
		516ADF422C59988B008EA24F /* Release */ = {
			isa = XCBuildConfiguration;
			buildSettings = {
				ALWAYS_EMBED_SWIFT_STANDARD_LIBRARIES = YES;
				CODE_SIGN_STYLE = Automatic;
				CURRENT_PROJECT_VERSION = 1;
				GENERATE_INFOPLIST_FILE = YES;
				IPHONEOS_DEPLOYMENT_TARGET = 17.5;
				MACOSX_DEPLOYMENT_TARGET = 14.5;
				MARKETING_VERSION = 1.0;
				PRODUCT_BUNDLE_IDENTIFIER = "alannhan.BeFit-V2UITests";
				PRODUCT_NAME = "$(TARGET_NAME)";
				SDKROOT = auto;
				SUPPORTED_PLATFORMS = "iphoneos iphonesimulator macosx";
				SWIFT_EMIT_LOC_STRINGS = NO;
				SWIFT_VERSION = 5.0;
				TARGETED_DEVICE_FAMILY = "1,2";
				TEST_TARGET_NAME = "BeFit V2";
			};
			name = Release;
		};
/* End XCBuildConfiguration section */

/* Begin XCConfigurationList section */
		516ADF102C59988A008EA24F /* Build configuration list for PBXProject "BeFit V2" */ = {
			isa = XCConfigurationList;
			buildConfigurations = (
				516ADF382C59988B008EA24F /* Debug */,
				516ADF392C59988B008EA24F /* Release */,
			);
			defaultConfigurationIsVisible = 0;
			defaultConfigurationName = Release;
		};
		516ADF3A2C59988B008EA24F /* Build configuration list for PBXNativeTarget "BeFit V2" */ = {
			isa = XCConfigurationList;
			buildConfigurations = (
				516ADF3B2C59988B008EA24F /* Debug */,
				516ADF3C2C59988B008EA24F /* Release */,
			);
			defaultConfigurationIsVisible = 0;
			defaultConfigurationName = Release;
		};
		516ADF3D2C59988B008EA24F /* Build configuration list for PBXNativeTarget "BeFit V2Tests" */ = {
			isa = XCConfigurationList;
			buildConfigurations = (
				516ADF3E2C59988B008EA24F /* Debug */,
				516ADF3F2C59988B008EA24F /* Release */,
			);
			defaultConfigurationIsVisible = 0;
			defaultConfigurationName = Release;
		};
		516ADF402C59988B008EA24F /* Build configuration list for PBXNativeTarget "BeFit V2UITests" */ = {
			isa = XCConfigurationList;
			buildConfigurations = (
				516ADF412C59988B008EA24F /* Debug */,
				516ADF422C59988B008EA24F /* Release */,
			);
			defaultConfigurationIsVisible = 0;
			defaultConfigurationName = Release;
		};
/* End XCConfigurationList section */
	};
	rootObject = 516ADF0D2C59988A008EA24F /* Project object */;
}
